// !$*UTF8*$!
{
	archiveVersion = 1;
	classes = {
	};
	objectVersion = 46;
	objects = {

/* Begin PBXBuildFile section */
		987D76221E79CF9100327D6C /* mmap.cpp in Sources */ = {isa = PBXBuildFile; fileRef = 98BEA0A31E788C1E00C9DD95 /* mmap.cpp */; };
		987D76231E79CF9900327D6C /* fmap.cpp in Sources */ = {isa = PBXBuildFile; fileRef = 98BEA09F1E788C1E00C9DD95 /* fmap.cpp */; };
		987D76271E79D4DF00327D6C /* xranxstr.cpp in Sources */ = {isa = PBXBuildFile; fileRef = 987D76251E79D4DF00327D6C /* xranxstr.cpp */; };
		987D76291E79D50A00327D6C /* xran.cpp in Sources */ = {isa = PBXBuildFile; fileRef = 987D76281E79D50A00327D6C /* xran.cpp */; };
		987D76361E79D87000327D6C /* main_ws3.cpp in Sources */ = {isa = PBXBuildFile; fileRef = 98BEA0A01E788C1E00C9DD95 /* main_ws3.cpp */; };
		987D76371E79D8F100327D6C /* xstring.cpp in Sources */ = {isa = PBXBuildFile; fileRef = 98BEA09C1E786CCD00C9DD95 /* xstring.cpp */; };
		987D76381E79D8F100327D6C /* wordsmith3.cpp in Sources */ = {isa = PBXBuildFile; fileRef = 980551CD1E779A8A001CF326 /* wordsmith3.cpp */; };
/* End PBXBuildFile section */

/* Begin PBXCopyFilesBuildPhase section */
		980551BE1E7792B8001CF326 /* CopyFiles */ = {
			isa = PBXCopyFilesBuildPhase;
			buildActionMask = 2147483647;
			dstPath = /usr/share/man/man1/;
			dstSubfolderSpec = 0;
			files = (
			);
			runOnlyForDeploymentPostprocessing = 1;
		};
		987D762D1E79D84F00327D6C /* CopyFiles */ = {
			isa = PBXCopyFilesBuildPhase;
			buildActionMask = 2147483647;
			dstPath = /usr/share/man/man1/;
			dstSubfolderSpec = 0;
			files = (
			);
			runOnlyForDeploymentPostprocessing = 1;
		};
		98AB47841E79CDF400871A18 /* CopyFiles */ = {
			isa = PBXCopyFilesBuildPhase;
			buildActionMask = 2147483647;
			dstPath = /usr/share/man/man1/;
			dstSubfolderSpec = 0;
			files = (
			);
			runOnlyForDeploymentPostprocessing = 1;
		};
/* End PBXCopyFilesBuildPhase section */

/* Begin PBXFileReference section */
		980551C01E7792B8001CF326 /* Map FMap */ = {isa = PBXFileReference; explicitFileType = "compiled.mach-o.executable"; includeInIndex = 0; path = "Map FMap"; sourceTree = BUILT_PRODUCTS_DIR; };
		980551CA1E779A8A001CF326 /* cleanup.cpp */ = {isa = PBXFileReference; fileEncoding = 4; lastKnownFileType = sourcecode.cpp.cpp; path = cleanup.cpp; sourceTree = "<group>"; };
		980551CB1E779A8A001CF326 /* foaa.cpp */ = {isa = PBXFileReference; fileEncoding = 4; lastKnownFileType = sourcecode.cpp.cpp; path = foaa.cpp; sourceTree = "<group>"; };
		980551CC1E779A8A001CF326 /* map_adt.h */ = {isa = PBXFileReference; fileEncoding = 4; lastKnownFileType = sourcecode.c.h; name = map_adt.h; path = ../map_adt.h; sourceTree = "<group>"; };
		980551CD1E779A8A001CF326 /* wordsmith3.cpp */ = {isa = PBXFileReference; fileEncoding = 4; lastKnownFileType = sourcecode.cpp.cpp; name = wordsmith3.cpp; path = ../wordsmith3.cpp; sourceTree = "<group>"; };
		980551CE1E779A8A001CF326 /* wordsmith3.h */ = {isa = PBXFileReference; fileEncoding = 4; lastKnownFileType = sourcecode.c.h; name = wordsmith3.h; path = ../wordsmith3.h; sourceTree = "<group>"; };
		980551D31E779B9E001CF326 /* entry.h */ = {isa = PBXFileReference; fileEncoding = 4; lastKnownFileType = sourcecode.c.h; path = entry.h; sourceTree = "<group>"; };
		980551D41E779BB4001CF326 /* compare.h */ = {isa = PBXFileReference; fileEncoding = 4; lastKnownFileType = sourcecode.c.h; path = compare.h; sourceTree = "<group>"; };
		980551D51E779C69001CF326 /* queue.h */ = {isa = PBXFileReference; fileEncoding = 4; lastKnownFileType = sourcecode.c.h; path = queue.h; sourceTree = "<group>"; };
		980551D61E779C90001CF326 /* ansicodes.h */ = {isa = PBXFileReference; fileEncoding = 4; lastKnownFileType = sourcecode.c.h; path = ansicodes.h; sourceTree = "<group>"; };
		980551D71E779C90001CF326 /* deque.h */ = {isa = PBXFileReference; fileEncoding = 4; lastKnownFileType = sourcecode.c.h; path = deque.h; sourceTree = "<group>"; };
		980551D81E779CA8001CF326 /* deque.cpp */ = {isa = PBXFileReference; fileEncoding = 4; lastKnownFileType = sourcecode.cpp.cpp; path = deque.cpp; sourceTree = "<group>"; };
		980551DA1E779CEB001CF326 /* pair.h */ = {isa = PBXFileReference; fileEncoding = 4; lastKnownFileType = sourcecode.c.h; path = pair.h; sourceTree = "<group>"; };
		987D76241E79D4DF00327D6C /* xran.h */ = {isa = PBXFileReference; fileEncoding = 4; lastKnownFileType = sourcecode.c.h; path = xran.h; sourceTree = "<group>"; };
		987D76251E79D4DF00327D6C /* xranxstr.cpp */ = {isa = PBXFileReference; fileEncoding = 4; lastKnownFileType = sourcecode.cpp.cpp; path = xranxstr.cpp; sourceTree = "<group>"; };
		987D76261E79D4DF00327D6C /* xranxstr.h */ = {isa = PBXFileReference; fileEncoding = 4; lastKnownFileType = sourcecode.c.h; path = xranxstr.h; sourceTree = "<group>"; };
		987D76281E79D50A00327D6C /* xran.cpp */ = {isa = PBXFileReference; fileEncoding = 4; lastKnownFileType = sourcecode.cpp.cpp; path = xran.cpp; sourceTree = "<group>"; };
		987D762A1E79D77800327D6C /* randata.out */ = {isa = PBXFileReference; fileEncoding = 4; lastKnownFileType = text; path = randata.out; sourceTree = "<group>"; };
		987D762F1E79D84F00327D6C /* Map WordSmith */ = {isa = PBXFileReference; explicitFileType = "compiled.mach-o.executable"; includeInIndex = 0; path = "Map WordSmith"; sourceTree = BUILT_PRODUCTS_DIR; };
		987D76391E79DEE700327D6C /* english.txt */ = {isa = PBXFileReference; fileEncoding = 4; lastKnownFileType = text; path = english.txt; sourceTree = "<group>"; };
		987D763A1E79DF9100327D6C /* english.out */ = {isa = PBXFileReference; fileEncoding = 4; lastKnownFileType = text; path = english.out; sourceTree = "<group>"; };
		98AB47781E79BAB700871A18 /* genalg.h */ = {isa = PBXFileReference; fileEncoding = 4; lastKnownFileType = sourcecode.c.h; path = genalg.h; sourceTree = "<group>"; };
		98AB47791E79BAD500871A18 /* vector.cpp */ = {isa = PBXFileReference; fileEncoding = 4; lastKnownFileType = sourcecode.cpp.cpp; path = vector.cpp; sourceTree = "<group>"; };
		98AB477B1E79BAF800871A18 /* list.cpp */ = {isa = PBXFileReference; fileEncoding = 4; lastKnownFileType = sourcecode.cpp.cpp; path = list.cpp; sourceTree = "<group>"; };
		98AB477D1E79BB1300871A18 /* list_macro.cpp */ = {isa = PBXFileReference; fileEncoding = 4; lastKnownFileType = sourcecode.cpp.cpp; path = list_macro.cpp; sourceTree = "<group>"; };
		98AB477E1E79BB1300871A18 /* list_sort.cpp */ = {isa = PBXFileReference; fileEncoding = 4; lastKnownFileType = sourcecode.cpp.cpp; path = list_sort.cpp; sourceTree = "<group>"; };
		98AB47861E79CDF400871A18 /* Map MMap */ = {isa = PBXFileReference; explicitFileType = "compiled.mach-o.executable"; includeInIndex = 0; path = "Map MMap"; sourceTree = BUILT_PRODUCTS_DIR; };
		98BEA09C1E786CCD00C9DD95 /* xstring.cpp */ = {isa = PBXFileReference; fileEncoding = 4; lastKnownFileType = sourcecode.cpp.cpp; path = xstring.cpp; sourceTree = "<group>"; };
		98BEA09D1E786CCD00C9DD95 /* xstring.h */ = {isa = PBXFileReference; fileEncoding = 4; lastKnownFileType = sourcecode.c.h; path = xstring.h; sourceTree = "<group>"; };
		98BEA09F1E788C1E00C9DD95 /* fmap.cpp */ = {isa = PBXFileReference; fileEncoding = 4; lastKnownFileType = sourcecode.cpp.cpp; path = fmap.cpp; sourceTree = "<group>"; };
		98BEA0A01E788C1E00C9DD95 /* main_ws3.cpp */ = {isa = PBXFileReference; fileEncoding = 4; lastKnownFileType = sourcecode.cpp.cpp; path = main_ws3.cpp; sourceTree = "<group>"; };
		98BEA0A11E788C1E00C9DD95 /* map_tools.cpp */ = {isa = PBXFileReference; fileEncoding = 4; lastKnownFileType = sourcecode.cpp.cpp; path = map_tools.cpp; sourceTree = "<group>"; };
		98BEA0A21E788C1E00C9DD95 /* mapiter_adt.h */ = {isa = PBXFileReference; fileEncoding = 4; lastKnownFileType = sourcecode.c.h; path = mapiter_adt.h; sourceTree = "<group>"; xcLanguageSpecificationIdentifier = xcode.lang.cpp; };
		98BEA0A31E788C1E00C9DD95 /* mmap.cpp */ = {isa = PBXFileReference; fileEncoding = 4; lastKnownFileType = sourcecode.cpp.cpp; path = mmap.cpp; sourceTree = "<group>"; };
		98BEA0A41E788C1E00C9DD95 /* rantable.cpp */ = {isa = PBXFileReference; fileEncoding = 4; lastKnownFileType = sourcecode.cpp.cpp; path = rantable.cpp; sourceTree = "<group>"; };
		98BEA0AA1E78DC4800C9DD95 /* debug.h */ = {isa = PBXFileReference; fileEncoding = 4; lastKnownFileType = sourcecode.c.h; path = debug.h; sourceTree = "<group>"; };
		98BEA0AB1E78DC4800C9DD95 /* list.h */ = {isa = PBXFileReference; fileEncoding = 4; lastKnownFileType = sourcecode.c.h; path = list.h; sourceTree = "<group>"; };
		98BEA0AC1E78DC4800C9DD95 /* stack.h */ = {isa = PBXFileReference; fileEncoding = 4; lastKnownFileType = sourcecode.c.h; path = stack.h; sourceTree = "<group>"; };
		98BEA0AD1E78DC4800C9DD95 /* vector.h */ = {isa = PBXFileReference; fileEncoding = 4; lastKnownFileType = sourcecode.c.h; path = vector.h; sourceTree = "<group>"; };
/* End PBXFileReference section */

/* Begin PBXFrameworksBuildPhase section */
		980551BD1E7792B8001CF326 /* Frameworks */ = {
			isa = PBXFrameworksBuildPhase;
			buildActionMask = 2147483647;
			files = (
			);
			runOnlyForDeploymentPostprocessing = 0;
		};
		987D762C1E79D84F00327D6C /* Frameworks */ = {
			isa = PBXFrameworksBuildPhase;
			buildActionMask = 2147483647;
			files = (
			);
			runOnlyForDeploymentPostprocessing = 0;
		};
		98AB47831E79CDF400871A18 /* Frameworks */ = {
			isa = PBXFrameworksBuildPhase;
			buildActionMask = 2147483647;
			files = (
			);
			runOnlyForDeploymentPostprocessing = 0;
		};
/* End PBXFrameworksBuildPhase section */

/* Begin PBXGroup section */
		980551B71E7792B8001CF326 = {
			isa = PBXGroup;
			children = (
				980551D21E779B72001CF326 /* Support Files */,
				980551C21E7792B8001CF326 /* FSU ADTIterators */,
				980551C11E7792B8001CF326 /* Products */,
			);
			sourceTree = "<group>";
		};
		980551C11E7792B8001CF326 /* Products */ = {
			isa = PBXGroup;
			children = (
				980551C01E7792B8001CF326 /* Map FMap */,
				98AB47861E79CDF400871A18 /* Map MMap */,
				987D762F1E79D84F00327D6C /* Map WordSmith */,
			);
			name = Products;
			sourceTree = "<group>";
		};
		980551C21E7792B8001CF326 /* FSU ADTIterators */ = {
			isa = PBXGroup;
			children = (
				987D763A1E79DF9100327D6C /* english.out */,
				987D76391E79DEE700327D6C /* english.txt */,
				987D762A1E79D77800327D6C /* randata.out */,
				980551CD1E779A8A001CF326 /* wordsmith3.cpp */,
				980551CC1E779A8A001CF326 /* map_adt.h */,
				980551CE1E779A8A001CF326 /* wordsmith3.h */,
				98BEA09F1E788C1E00C9DD95 /* fmap.cpp */,
				98BEA0A01E788C1E00C9DD95 /* main_ws3.cpp */,
				98BEA0A11E788C1E00C9DD95 /* map_tools.cpp */,
				98BEA0A21E788C1E00C9DD95 /* mapiter_adt.h */,
				98BEA0A31E788C1E00C9DD95 /* mmap.cpp */,
				98BEA0A41E788C1E00C9DD95 /* rantable.cpp */,
			);
			path = "FSU ADTIterators";
			sourceTree = "<group>";
		};
		980551D21E779B72001CF326 /* Support Files */ = {
			isa = PBXGroup;
			children = (
				987D76281E79D50A00327D6C /* xran.cpp */,
				987D76241E79D4DF00327D6C /* xran.h */,
				987D76251E79D4DF00327D6C /* xranxstr.cpp */,
				987D76261E79D4DF00327D6C /* xranxstr.h */,
				98AB477D1E79BB1300871A18 /* list_macro.cpp */,
				98AB477E1E79BB1300871A18 /* list_sort.cpp */,
				98AB477B1E79BAF800871A18 /* list.cpp */,
				98AB47791E79BAD500871A18 /* vector.cpp */,
				98AB47781E79BAB700871A18 /* genalg.h */,
				98BEA0AA1E78DC4800C9DD95 /* debug.h */,
				98BEA0AB1E78DC4800C9DD95 /* list.h */,
				98BEA0AC1E78DC4800C9DD95 /* stack.h */,
				98BEA0AD1E78DC4800C9DD95 /* vector.h */,
				980551CB1E779A8A001CF326 /* foaa.cpp */,
				980551CA1E779A8A001CF326 /* cleanup.cpp */,
				98BEA09C1E786CCD00C9DD95 /* xstring.cpp */,
				98BEA09D1E786CCD00C9DD95 /* xstring.h */,
				980551DA1E779CEB001CF326 /* pair.h */,
				980551D81E779CA8001CF326 /* deque.cpp */,
				980551D61E779C90001CF326 /* ansicodes.h */,
				980551D71E779C90001CF326 /* deque.h */,
				980551D51E779C69001CF326 /* queue.h */,
				980551D41E779BB4001CF326 /* compare.h */,
				980551D31E779B9E001CF326 /* entry.h */,
			);
			name = "Support Files";
			sourceTree = "<group>";
		};
/* End PBXGroup section */

/* Begin PBXNativeTarget section */
		980551BF1E7792B8001CF326 /* Map FMap */ = {
			isa = PBXNativeTarget;
			buildConfigurationList = 980551C71E7792B8001CF326 /* Build configuration list for PBXNativeTarget "Map FMap" */;
			buildPhases = (
				980551BC1E7792B8001CF326 /* Sources */,
				980551BD1E7792B8001CF326 /* Frameworks */,
				980551BE1E7792B8001CF326 /* CopyFiles */,
			);
			buildRules = (
			);
			dependencies = (
			);
			name = "Map FMap";
			productName = "FSU ADTIterators";
			productReference = 980551C01E7792B8001CF326 /* Map FMap */;
			productType = "com.apple.product-type.tool";
		};
		987D762E1E79D84F00327D6C /* Map WordSmith */ = {
			isa = PBXNativeTarget;
			buildConfigurationList = 987D76331E79D84F00327D6C /* Build configuration list for PBXNativeTarget "Map WordSmith" */;
			buildPhases = (
				987D762B1E79D84F00327D6C /* Sources */,
				987D762C1E79D84F00327D6C /* Frameworks */,
				987D762D1E79D84F00327D6C /* CopyFiles */,
			);
			buildRules = (
			);
			dependencies = (
			);
			name = "Map WordSmith";
			productName = "Map WordSmith";
			productReference = 987D762F1E79D84F00327D6C /* Map WordSmith */;
			productType = "com.apple.product-type.tool";
		};
		98AB47851E79CDF400871A18 /* Map MMap */ = {
			isa = PBXNativeTarget;
			buildConfigurationList = 98AB478A1E79CDF400871A18 /* Build configuration list for PBXNativeTarget "Map MMap" */;
			buildPhases = (
				98AB47821E79CDF400871A18 /* Sources */,
				98AB47831E79CDF400871A18 /* Frameworks */,
				98AB47841E79CDF400871A18 /* CopyFiles */,
			);
			buildRules = (
			);
			dependencies = (
			);
			name = "Map MMap";
			productName = "Map MMap";
			productReference = 98AB47861E79CDF400871A18 /* Map MMap */;
			productType = "com.apple.product-type.tool";
		};
/* End PBXNativeTarget section */

/* Begin PBXProject section */
		980551B81E7792B8001CF326 /* Project object */ = {
			isa = PBXProject;
			attributes = {
				LastUpgradeCheck = 0810;
				ORGANIZATIONNAME = FSU;
				TargetAttributes = {
					980551BF1E7792B8001CF326 = {
						CreatedOnToolsVersion = 8.1;
						ProvisioningStyle = Automatic;
					};
					987D762E1E79D84F00327D6C = {
						CreatedOnToolsVersion = 8.1;
						ProvisioningStyle = Automatic;
					};
					98AB47851E79CDF400871A18 = {
						CreatedOnToolsVersion = 8.1;
						ProvisioningStyle = Automatic;
					};
				};
			};
			buildConfigurationList = 980551BB1E7792B8001CF326 /* Build configuration list for PBXProject "FSU ADTIterators" */;
			compatibilityVersion = "Xcode 3.2";
			developmentRegion = English;
			hasScannedForEncodings = 0;
			knownRegions = (
				en,
			);
			mainGroup = 980551B71E7792B8001CF326;
			productRefGroup = 980551C11E7792B8001CF326 /* Products */;
			projectDirPath = "";
			projectRoot = "";
			targets = (
				980551BF1E7792B8001CF326 /* Map FMap */,
				98AB47851E79CDF400871A18 /* Map MMap */,
				987D762E1E79D84F00327D6C /* Map WordSmith */,
			);
		};
/* End PBXProject section */

/* Begin PBXSourcesBuildPhase section */
		980551BC1E7792B8001CF326 /* Sources */ = {
			isa = PBXSourcesBuildPhase;
			buildActionMask = 2147483647;
			files = (
				987D76231E79CF9900327D6C /* fmap.cpp in Sources */,
				987D76271E79D4DF00327D6C /* xranxstr.cpp in Sources */,
				987D76291E79D50A00327D6C /* xran.cpp in Sources */,
			);
			runOnlyForDeploymentPostprocessing = 0;
		};
		987D762B1E79D84F00327D6C /* Sources */ = {
			isa = PBXSourcesBuildPhase;
			buildActionMask = 2147483647;
			files = (
				987D76371E79D8F100327D6C /* xstring.cpp in Sources */,
				987D76381E79D8F100327D6C /* wordsmith3.cpp in Sources */,
				987D76361E79D87000327D6C /* main_ws3.cpp in Sources */,
			);
			runOnlyForDeploymentPostprocessing = 0;
		};
		98AB47821E79CDF400871A18 /* Sources */ = {
			isa = PBXSourcesBuildPhase;
			buildActionMask = 2147483647;
			files = (
				987D76221E79CF9100327D6C /* mmap.cpp in Sources */,
			);
			runOnlyForDeploymentPostprocessing = 0;
		};
/* End PBXSourcesBuildPhase section */

/* Begin XCBuildConfiguration section */
		980551C51E7792B8001CF326 /* Debug */ = {
			isa = XCBuildConfiguration;
			buildSettings = {
				ALWAYS_SEARCH_USER_PATHS = NO;
				CLANG_ANALYZER_NONNULL = YES;
				CLANG_CXX_LANGUAGE_STANDARD = "gnu++0x";
				CLANG_CXX_LIBRARY = "libc++";
				CLANG_ENABLE_MODULES = YES;
				CLANG_ENABLE_OBJC_ARC = YES;
				CLANG_WARN_BOOL_CONVERSION = YES;
				CLANG_WARN_CONSTANT_CONVERSION = YES;
				CLANG_WARN_DIRECT_OBJC_ISA_USAGE = YES_ERROR;
				CLANG_WARN_DOCUMENTATION_COMMENTS = YES;
				CLANG_WARN_EMPTY_BODY = YES;
				CLANG_WARN_ENUM_CONVERSION = YES;
				CLANG_WARN_INFINITE_RECURSION = YES;
				CLANG_WARN_INT_CONVERSION = YES;
				CLANG_WARN_OBJC_ROOT_CLASS = YES_ERROR;
				CLANG_WARN_SUSPICIOUS_MOVES = YES;
				CLANG_WARN_UNREACHABLE_CODE = YES;
				CLANG_WARN__DUPLICATE_METHOD_MATCH = YES;
				CODE_SIGN_IDENTITY = "-";
				COPY_PHASE_STRIP = NO;
				DEBUG_INFORMATION_FORMAT = dwarf;
				ENABLE_STRICT_OBJC_MSGSEND = YES;
				ENABLE_TESTABILITY = YES;
				GCC_C_LANGUAGE_STANDARD = gnu99;
				GCC_DYNAMIC_NO_PIC = NO;
				GCC_NO_COMMON_BLOCKS = YES;
				GCC_OPTIMIZATION_LEVEL = 0;
				GCC_PREPROCESSOR_DEFINITIONS = (
					"DEBUG=1",
					"$(inherited)",
				);
				GCC_WARN_64_TO_32_BIT_CONVERSION = YES;
				GCC_WARN_ABOUT_RETURN_TYPE = YES_ERROR;
				GCC_WARN_UNDECLARED_SELECTOR = YES;
				GCC_WARN_UNINITIALIZED_AUTOS = YES_AGGRESSIVE;
				GCC_WARN_UNUSED_FUNCTION = YES;
				GCC_WARN_UNUSED_VARIABLE = YES;
				MACOSX_DEPLOYMENT_TARGET = 10.12;
				MTL_ENABLE_DEBUG_INFO = YES;
				ONLY_ACTIVE_ARCH = YES;
				OTHER_CPLUSPLUSFLAGS = (
					"-I$(PROJECT_DIR)",
					"-I$(PROJECT_DIR)/FSU\\ ADTIterators",
				);
				SDKROOT = macosx;
			};
			name = Debug;
		};
		980551C61E7792B8001CF326 /* Release */ = {
			isa = XCBuildConfiguration;
			buildSettings = {
				ALWAYS_SEARCH_USER_PATHS = NO;
				CLANG_ANALYZER_NONNULL = YES;
				CLANG_CXX_LANGUAGE_STANDARD = "gnu++0x";
				CLANG_CXX_LIBRARY = "libc++";
				CLANG_ENABLE_MODULES = YES;
				CLANG_ENABLE_OBJC_ARC = YES;
				CLANG_WARN_BOOL_CONVERSION = YES;
				CLANG_WARN_CONSTANT_CONVERSION = YES;
				CLANG_WARN_DIRECT_OBJC_ISA_USAGE = YES_ERROR;
				CLANG_WARN_DOCUMENTATION_COMMENTS = YES;
				CLANG_WARN_EMPTY_BODY = YES;
				CLANG_WARN_ENUM_CONVERSION = YES;
				CLANG_WARN_INFINITE_RECURSION = YES;
				CLANG_WARN_INT_CONVERSION = YES;
				CLANG_WARN_OBJC_ROOT_CLASS = YES_ERROR;
				CLANG_WARN_SUSPICIOUS_MOVES = YES;
				CLANG_WARN_UNREACHABLE_CODE = YES;
				CLANG_WARN__DUPLICATE_METHOD_MATCH = YES;
				CODE_SIGN_IDENTITY = "-";
				COPY_PHASE_STRIP = NO;
				DEBUG_INFORMATION_FORMAT = "dwarf-with-dsym";
				ENABLE_NS_ASSERTIONS = NO;
				ENABLE_STRICT_OBJC_MSGSEND = YES;
				GCC_C_LANGUAGE_STANDARD = gnu99;
				GCC_NO_COMMON_BLOCKS = YES;
				GCC_WARN_64_TO_32_BIT_CONVERSION = YES;
				GCC_WARN_ABOUT_RETURN_TYPE = YES_ERROR;
				GCC_WARN_UNDECLARED_SELECTOR = YES;
				GCC_WARN_UNINITIALIZED_AUTOS = YES_AGGRESSIVE;
				GCC_WARN_UNUSED_FUNCTION = YES;
				GCC_WARN_UNUSED_VARIABLE = YES;
				MACOSX_DEPLOYMENT_TARGET = 10.12;
				MTL_ENABLE_DEBUG_INFO = NO;
				OTHER_CPLUSPLUSFLAGS = (
					"-I$(PROJECT_DIR)",
					"-I$(PROJECT_DIR)/FSU\\ ADTIterators",
				);
				SDKROOT = macosx;
			};
			name = Release;
		};
		980551C81E7792B8001CF326 /* Debug */ = {
			isa = XCBuildConfiguration;
			buildSettings = {
				OTHER_CPLUSPLUSFLAGS = (
					"-I$(PROJECT_DIR)",
					"-I$(PROJECT_DIR)/FSU\\ ADTIterators",
				);
				PRODUCT_NAME = "$(TARGET_NAME)";
			};
			name = Debug;
		};
		980551C91E7792B8001CF326 /* Release */ = {
			isa = XCBuildConfiguration;
			buildSettings = {
				OTHER_CPLUSPLUSFLAGS = (
					"-I$(PROJECT_DIR)",
					"-I$(PROJECT_DIR)/FSU\\ ADTIterators",
				);
				PRODUCT_NAME = "$(TARGET_NAME)";
			};
			name = Release;
		};
		987D76341E79D84F00327D6C /* Debug */ = {
			isa = XCBuildConfiguration;
			buildSettings = {
				PRODUCT_NAME = "$(TARGET_NAME)";
			};
			name = Debug;
		};
		987D76351E79D84F00327D6C /* Release */ = {
			isa = XCBuildConfiguration;
			buildSettings = {
				PRODUCT_NAME = "$(TARGET_NAME)";
			};
			name = Release;
		};
		98AB478B1E79CDF400871A18 /* Debug */ = {
			isa = XCBuildConfiguration;
			buildSettings = {
				PRODUCT_NAME = "$(TARGET_NAME)";
			};
			name = Debug;
		};
		98AB478C1E79CDF400871A18 /* Release */ = {
			isa = XCBuildConfiguration;
			buildSettings = {
				PRODUCT_NAME = "$(TARGET_NAME)";
			};
			name = Release;
		};
/* End XCBuildConfiguration section */

/* Begin XCConfigurationList section */
		980551BB1E7792B8001CF326 /* Build configuration list for PBXProject "FSU ADTIterators" */ = {
			isa = XCConfigurationList;
			buildConfigurations = (
				980551C51E7792B8001CF326 /* Debug */,
				980551C61E7792B8001CF326 /* Release */,
			);
			defaultConfigurationIsVisible = 0;
			defaultConfigurationName = Release;
		};
		980551C71E7792B8001CF326 /* Build configuration list for PBXNativeTarget "Map FMap" */ = {
			isa = XCConfigurationList;
			buildConfigurations = (
				980551C81E7792B8001CF326 /* Debug */,
				980551C91E7792B8001CF326 /* Release */,
			);
			defaultConfigurationIsVisible = 0;
			defaultConfigurationName = Release;
		};
		987D76331E79D84F00327D6C /* Build configuration list for PBXNativeTarget "Map WordSmith" */ = {
			isa = XCConfigurationList;
			buildConfigurations = (
				987D76341E79D84F00327D6C /* Debug */,
				987D76351E79D84F00327D6C /* Release */,
			);
			defaultConfigurationIsVisible = 0;
		};
		98AB478A1E79CDF400871A18 /* Build configuration list for PBXNativeTarget "Map MMap" */ = {
			isa = XCConfigurationList;
			buildConfigurations = (
				98AB478B1E79CDF400871A18 /* Debug */,
				98AB478C1E79CDF400871A18 /* Release */,
			);
			defaultConfigurationIsVisible = 0;
			defaultConfigurationName = Release;
		};
/* End XCConfigurationList section */
	};
	rootObject = 980551B81E7792B8001CF326 /* Project object */;
}
