// !$*UTF8*$!
{
	archiveVersion = 1;
	classes = {
	};
	objectVersion = 46;
	objects = {

/* Begin PBXBuildFile section */
		980551D01E779A8A001CF326 /* foaa.cpp in Sources */ = {isa = PBXBuildFile; fileRef = 980551CB1E779A8A001CF326 /* foaa.cpp */; };
/* End PBXBuildFile section */

/* Begin PBXCopyFilesBuildPhase section */
		980551BE1E7792B8001CF326 /* CopyFiles */ = {
			isa = PBXCopyFilesBuildPhase;
			buildActionMask = 2147483647;
			dstPath = /usr/share/man/man1/;
			dstSubfolderSpec = 0;
			files = (
			);
			runOnlyForDeploymentPostprocessing = 1;
		};
/* End PBXCopyFilesBuildPhase section */

/* Begin PBXFileReference section */
		980551C01E7792B8001CF326 /* MAP FOAA */ = {isa = PBXFileReference; explicitFileType = "compiled.mach-o.executable"; includeInIndex = 0; path = "MAP FOAA"; sourceTree = BUILT_PRODUCTS_DIR; };
		980551CA1E779A8A001CF326 /* cleanup.cpp */ = {isa = PBXFileReference; fileEncoding = 4; lastKnownFileType = sourcecode.cpp.cpp; path = cleanup.cpp; sourceTree = "<group>"; };
		980551CB1E779A8A001CF326 /* foaa.cpp */ = {isa = PBXFileReference; fileEncoding = 4; lastKnownFileType = sourcecode.cpp.cpp; path = foaa.cpp; sourceTree = "<group>"; };
		980551CC1E779A8A001CF326 /* map_adt.h */ = {isa = PBXFileReference; fileEncoding = 4; lastKnownFileType = sourcecode.c.h; path = map_adt.h; sourceTree = "<group>"; };
		980551CD1E779A8A001CF326 /* wordsmith3.cpp */ = {isa = PBXFileReference; fileEncoding = 4; lastKnownFileType = sourcecode.cpp.cpp; path = wordsmith3.cpp; sourceTree = "<group>"; };
		980551CE1E779A8A001CF326 /* wordsmith3.h */ = {isa = PBXFileReference; fileEncoding = 4; lastKnownFileType = sourcecode.c.h; path = wordsmith3.h; sourceTree = "<group>"; };
		980551D31E779B9E001CF326 /* entry.h */ = {isa = PBXFileReference; fileEncoding = 4; lastKnownFileType = sourcecode.c.h; path = entry.h; sourceTree = "<group>"; };
		980551D41E779BB4001CF326 /* compare.h */ = {isa = PBXFileReference; fileEncoding = 4; lastKnownFileType = sourcecode.c.h; path = compare.h; sourceTree = "<group>"; };
		980551D51E779C69001CF326 /* queue.h */ = {isa = PBXFileReference; fileEncoding = 4; lastKnownFileType = sourcecode.c.h; path = queue.h; sourceTree = "<group>"; };
		980551D61E779C90001CF326 /* ansicodes.h */ = {isa = PBXFileReference; fileEncoding = 4; lastKnownFileType = sourcecode.c.h; path = ansicodes.h; sourceTree = "<group>"; };
		980551D71E779C90001CF326 /* deque.h */ = {isa = PBXFileReference; fileEncoding = 4; lastKnownFileType = sourcecode.c.h; path = deque.h; sourceTree = "<group>"; };
		980551D81E779CA8001CF326 /* deque.cpp */ = {isa = PBXFileReference; fileEncoding = 4; lastKnownFileType = sourcecode.cpp.cpp; path = deque.cpp; sourceTree = "<group>"; };
		980551DA1E779CEB001CF326 /* pair.h */ = {isa = PBXFileReference; fileEncoding = 4; lastKnownFileType = sourcecode.c.h; path = pair.h; sourceTree = "<group>"; };
/* End PBXFileReference section */

/* Begin PBXFrameworksBuildPhase section */
		980551BD1E7792B8001CF326 /* Frameworks */ = {
			isa = PBXFrameworksBuildPhase;
			buildActionMask = 2147483647;
			files = (
			);
			runOnlyForDeploymentPostprocessing = 0;
		};
/* End PBXFrameworksBuildPhase section */

/* Begin PBXGroup section */
		980551B71E7792B8001CF326 = {
			isa = PBXGroup;
			children = (
				980551D21E779B72001CF326 /* Support Files */,
				980551CA1E779A8A001CF326 /* cleanup.cpp */,
				980551CB1E779A8A001CF326 /* foaa.cpp */,
				980551CC1E779A8A001CF326 /* map_adt.h */,
				980551CD1E779A8A001CF326 /* wordsmith3.cpp */,
				980551CE1E779A8A001CF326 /* wordsmith3.h */,
				980551C21E7792B8001CF326 /* FSU ADTIterators */,
				980551C11E7792B8001CF326 /* Products */,
			);
			sourceTree = "<group>";
		};
		980551C11E7792B8001CF326 /* Products */ = {
			isa = PBXGroup;
			children = (
				980551C01E7792B8001CF326 /* MAP FOAA */,
			);
			name = Products;
			sourceTree = "<group>";
		};
		980551C21E7792B8001CF326 /* FSU ADTIterators */ = {
			isa = PBXGroup;
			children = (
			);
			path = "FSU ADTIterators";
			sourceTree = "<group>";
		};
		980551D21E779B72001CF326 /* Support Files */ = {
			isa = PBXGroup;
			children = (
				980551DA1E779CEB001CF326 /* pair.h */,
				980551D81E779CA8001CF326 /* deque.cpp */,
				980551D61E779C90001CF326 /* ansicodes.h */,
				980551D71E779C90001CF326 /* deque.h */,
				980551D51E779C69001CF326 /* queue.h */,
				980551D41E779BB4001CF326 /* compare.h */,
				980551D31E779B9E001CF326 /* entry.h */,
			);
			name = "Support Files";
			sourceTree = "<group>";
		};
/* End PBXGroup section */

/* Begin PBXNativeTarget section */
		980551BF1E7792B8001CF326 /* MAP FOAA */ = {
			isa = PBXNativeTarget;
			buildConfigurationList = 980551C71E7792B8001CF326 /* Build configuration list for PBXNativeTarget "MAP FOAA" */;
			buildPhases = (
				980551BC1E7792B8001CF326 /* Sources */,
				980551BD1E7792B8001CF326 /* Frameworks */,
				980551BE1E7792B8001CF326 /* CopyFiles */,
			);
			buildRules = (
			);
			dependencies = (
			);
			name = "MAP FOAA";
			productName = "FSU ADTIterators";
			productReference = 980551C01E7792B8001CF326 /* MAP FOAA */;
			productType = "com.apple.product-type.tool";
		};
/* End PBXNativeTarget section */

/* Begin PBXProject section */
		980551B81E7792B8001CF326 /* Project object */ = {
			isa = PBXProject;
			attributes = {
				LastUpgradeCheck = 0810;
				ORGANIZATIONNAME = FSU;
				TargetAttributes = {
					980551BF1E7792B8001CF326 = {
						CreatedOnToolsVersion = 8.1;
						ProvisioningStyle = Automatic;
					};
				};
			};
			buildConfigurationList = 980551BB1E7792B8001CF326 /* Build configuration list for PBXProject "FSU ADTIterators" */;
			compatibilityVersion = "Xcode 3.2";
			developmentRegion = English;
			hasScannedForEncodings = 0;
			knownRegions = (
				en,
			);
			mainGroup = 980551B71E7792B8001CF326;
			productRefGroup = 980551C11E7792B8001CF326 /* Products */;
			projectDirPath = "";
			projectRoot = "";
			targets = (
				980551BF1E7792B8001CF326 /* MAP FOAA */,
			);
		};
/* End PBXProject section */

/* Begin PBXSourcesBuildPhase section */
		980551BC1E7792B8001CF326 /* Sources */ = {
			isa = PBXSourcesBuildPhase;
			buildActionMask = 2147483647;
			files = (
				980551D01E779A8A001CF326 /* foaa.cpp in Sources */,
			);
			runOnlyForDeploymentPostprocessing = 0;
		};
/* End PBXSourcesBuildPhase section */

/* Begin XCBuildConfiguration section */
		980551C51E7792B8001CF326 /* Debug */ = {
			isa = XCBuildConfiguration;
			buildSettings = {
				ALWAYS_SEARCH_USER_PATHS = NO;
				CLANG_ANALYZER_NONNULL = YES;
				CLANG_CXX_LANGUAGE_STANDARD = "gnu++0x";
				CLANG_CXX_LIBRARY = "libc++";
				CLANG_ENABLE_MODULES = YES;
				CLANG_ENABLE_OBJC_ARC = YES;
				CLANG_WARN_BOOL_CONVERSION = YES;
				CLANG_WARN_CONSTANT_CONVERSION = YES;
				CLANG_WARN_DIRECT_OBJC_ISA_USAGE = YES_ERROR;
				CLANG_WARN_DOCUMENTATION_COMMENTS = YES;
				CLANG_WARN_EMPTY_BODY = YES;
				CLANG_WARN_ENUM_CONVERSION = YES;
				CLANG_WARN_INFINITE_RECURSION = YES;
				CLANG_WARN_INT_CONVERSION = YES;
				CLANG_WARN_OBJC_ROOT_CLASS = YES_ERROR;
				CLANG_WARN_SUSPICIOUS_MOVES = YES;
				CLANG_WARN_UNREACHABLE_CODE = YES;
				CLANG_WARN__DUPLICATE_METHOD_MATCH = YES;
				CODE_SIGN_IDENTITY = "-";
				COPY_PHASE_STRIP = NO;
				DEBUG_INFORMATION_FORMAT = dwarf;
				ENABLE_STRICT_OBJC_MSGSEND = YES;
				ENABLE_TESTABILITY = YES;
				GCC_C_LANGUAGE_STANDARD = gnu99;
				GCC_DYNAMIC_NO_PIC = NO;
				GCC_NO_COMMON_BLOCKS = YES;
				GCC_OPTIMIZATION_LEVEL = 0;
				GCC_PREPROCESSOR_DEFINITIONS = (
					"DEBUG=1",
					"$(inherited)",
				);
				GCC_WARN_64_TO_32_BIT_CONVERSION = YES;
				GCC_WARN_ABOUT_RETURN_TYPE = YES_ERROR;
				GCC_WARN_UNDECLARED_SELECTOR = YES;
				GCC_WARN_UNINITIALIZED_AUTOS = YES_AGGRESSIVE;
				GCC_WARN_UNUSED_FUNCTION = YES;
				GCC_WARN_UNUSED_VARIABLE = YES;
				MACOSX_DEPLOYMENT_TARGET = 10.12;
				MTL_ENABLE_DEBUG_INFO = YES;
				ONLY_ACTIVE_ARCH = YES;
				SDKROOT = macosx;
			};
			name = Debug;
		};
		980551C61E7792B8001CF326 /* Release */ = {
			isa = XCBuildConfiguration;
			buildSettings = {
				ALWAYS_SEARCH_USER_PATHS = NO;
				CLANG_ANALYZER_NONNULL = YES;
				CLANG_CXX_LANGUAGE_STANDARD = "gnu++0x";
				CLANG_CXX_LIBRARY = "libc++";
				CLANG_ENABLE_MODULES = YES;
				CLANG_ENABLE_OBJC_ARC = YES;
				CLANG_WARN_BOOL_CONVERSION = YES;
				CLANG_WARN_CONSTANT_CONVERSION = YES;
				CLANG_WARN_DIRECT_OBJC_ISA_USAGE = YES_ERROR;
				CLANG_WARN_DOCUMENTATION_COMMENTS = YES;
				CLANG_WARN_EMPTY_BODY = YES;
				CLANG_WARN_ENUM_CONVERSION = YES;
				CLANG_WARN_INFINITE_RECURSION = YES;
				CLANG_WARN_INT_CONVERSION = YES;
				CLANG_WARN_OBJC_ROOT_CLASS = YES_ERROR;
				CLANG_WARN_SUSPICIOUS_MOVES = YES;
				CLANG_WARN_UNREACHABLE_CODE = YES;
				CLANG_WARN__DUPLICATE_METHOD_MATCH = YES;
				CODE_SIGN_IDENTITY = "-";
				COPY_PHASE_STRIP = NO;
				DEBUG_INFORMATION_FORMAT = "dwarf-with-dsym";
				ENABLE_NS_ASSERTIONS = NO;
				ENABLE_STRICT_OBJC_MSGSEND = YES;
				GCC_C_LANGUAGE_STANDARD = gnu99;
				GCC_NO_COMMON_BLOCKS = YES;
				GCC_WARN_64_TO_32_BIT_CONVERSION = YES;
				GCC_WARN_ABOUT_RETURN_TYPE = YES_ERROR;
				GCC_WARN_UNDECLARED_SELECTOR = YES;
				GCC_WARN_UNINITIALIZED_AUTOS = YES_AGGRESSIVE;
				GCC_WARN_UNUSED_FUNCTION = YES;
				GCC_WARN_UNUSED_VARIABLE = YES;
				MACOSX_DEPLOYMENT_TARGET = 10.12;
				MTL_ENABLE_DEBUG_INFO = NO;
				SDKROOT = macosx;
			};
			name = Release;
		};
		980551C81E7792B8001CF326 /* Debug */ = {
			isa = XCBuildConfiguration;
			buildSettings = {
				OTHER_CPLUSPLUSFLAGS = (
					"-I$(PROJECT_DIR)",
					"-I$(PROJECT_DIR)/*",
				);
				PRODUCT_NAME = "$(TARGET_NAME)";
			};
			name = Debug;
		};
		980551C91E7792B8001CF326 /* Release */ = {
			isa = XCBuildConfiguration;
			buildSettings = {
				OTHER_CPLUSPLUSFLAGS = (
					"-I$(PROJECT_DIR)",
					"-I$(PROJECT_DIR)/*",
				);
				PRODUCT_NAME = "$(TARGET_NAME)";
			};
			name = Release;
		};
/* End XCBuildConfiguration section */

/* Begin XCConfigurationList section */
		980551BB1E7792B8001CF326 /* Build configuration list for PBXProject "FSU ADTIterators" */ = {
			isa = XCConfigurationList;
			buildConfigurations = (
				980551C51E7792B8001CF326 /* Debug */,
				980551C61E7792B8001CF326 /* Release */,
			);
			defaultConfigurationIsVisible = 0;
			defaultConfigurationName = Release;
		};
		980551C71E7792B8001CF326 /* Build configuration list for PBXNativeTarget "MAP FOAA" */ = {
			isa = XCConfigurationList;
			buildConfigurations = (
				980551C81E7792B8001CF326 /* Debug */,
				980551C91E7792B8001CF326 /* Release */,
			);
			defaultConfigurationIsVisible = 0;
		};
/* End XCConfigurationList section */
	};
	rootObject = 980551B81E7792B8001CF326 /* Project object */;
}
